// !$*UTF8*$!
{
	archiveVersion = 1;
	classes = {
	};
	objectVersion = 56;
	objects = {

/* Begin PBXBuildFile section */
		F316E42729A6C380007C1178 /* BookTrackerApp.swift in Sources */ = {isa = PBXBuildFile; fileRef = F316E42629A6C380007C1178 /* BookTrackerApp.swift */; };
		F316E42929A6C380007C1178 /* MainView.swift in Sources */ = {isa = PBXBuildFile; fileRef = F316E42829A6C380007C1178 /* MainView.swift */; };
		F316E42B29A6C381007C1178 /* Assets.xcassets in Resources */ = {isa = PBXBuildFile; fileRef = F316E42A29A6C381007C1178 /* Assets.xcassets */; };
		F316E42E29A6C381007C1178 /* Preview Assets.xcassets in Resources */ = {isa = PBXBuildFile; fileRef = F316E42D29A6C381007C1178 /* Preview Assets.xcassets */; };
		F3949CA529A6E41000C5105C /* Book.swift in Sources */ = {isa = PBXBuildFile; fileRef = F3949CA429A6E41000C5105C /* Book.swift */; };
		F3949CA729A6E51A00C5105C /* BookModel.swift in Sources */ = {isa = PBXBuildFile; fileRef = F3949CA629A6E51A00C5105C /* BookModel.swift */; };
		F3949CA929A7413200C5105C /* BookListView.swift in Sources */ = {isa = PBXBuildFile; fileRef = F3949CA829A7413200C5105C /* BookListView.swift */; };
		F3949CAB29A7418900C5105C /* MainTabView.swift in Sources */ = {isa = PBXBuildFile; fileRef = F3949CAA29A7418900C5105C /* MainTabView.swift */; };
		F3949CAD29A741EB00C5105C /* WishListView.swift in Sources */ = {isa = PBXBuildFile; fileRef = F3949CAC29A741EB00C5105C /* WishListView.swift */; };
		F3949CAF29A7443000C5105C /* BookDetailView.swift in Sources */ = {isa = PBXBuildFile; fileRef = F3949CAE29A7443000C5105C /* BookDetailView.swift */; };
		F3949CB129A74F0200C5105C /* BookListViewRow.swift in Sources */ = {isa = PBXBuildFile; fileRef = F3949CB029A74F0200C5105C /* BookListViewRow.swift */; };
		F3AC8A7729A6C59700BE7101 /* GoogleService-Info.plist in Resources */ = {isa = PBXBuildFile; fileRef = F3AC8A7629A6C59700BE7101 /* GoogleService-Info.plist */; };
		F3ECF36229A6CA8600F290FA /* FirebaseFirestore in Frameworks */ = {isa = PBXBuildFile; productRef = F3ECF36129A6CA8600F290FA /* FirebaseFirestore */; };
/* End PBXBuildFile section */

/* Begin PBXFileReference section */
		F316E42329A6C380007C1178 /* BookTracker.app */ = {isa = PBXFileReference; explicitFileType = wrapper.application; includeInIndex = 0; path = BookTracker.app; sourceTree = BUILT_PRODUCTS_DIR; };
		F316E42629A6C380007C1178 /* BookTrackerApp.swift */ = {isa = PBXFileReference; lastKnownFileType = sourcecode.swift; path = BookTrackerApp.swift; sourceTree = "<group>"; };
		F316E42829A6C380007C1178 /* MainView.swift */ = {isa = PBXFileReference; lastKnownFileType = sourcecode.swift; path = MainView.swift; sourceTree = "<group>"; };
		F316E42A29A6C381007C1178 /* Assets.xcassets */ = {isa = PBXFileReference; lastKnownFileType = folder.assetcatalog; path = Assets.xcassets; sourceTree = "<group>"; };
		F316E42D29A6C381007C1178 /* Preview Assets.xcassets */ = {isa = PBXFileReference; lastKnownFileType = folder.assetcatalog; path = "Preview Assets.xcassets"; sourceTree = "<group>"; };
		F3949CA429A6E41000C5105C /* Book.swift */ = {isa = PBXFileReference; lastKnownFileType = sourcecode.swift; path = Book.swift; sourceTree = "<group>"; };
		F3949CA629A6E51A00C5105C /* BookModel.swift */ = {isa = PBXFileReference; lastKnownFileType = sourcecode.swift; path = BookModel.swift; sourceTree = "<group>"; };
		F3949CA829A7413200C5105C /* BookListView.swift */ = {isa = PBXFileReference; lastKnownFileType = sourcecode.swift; path = BookListView.swift; sourceTree = "<group>"; };
		F3949CAA29A7418900C5105C /* MainTabView.swift */ = {isa = PBXFileReference; lastKnownFileType = sourcecode.swift; path = MainTabView.swift; sourceTree = "<group>"; };
		F3949CAC29A741EB00C5105C /* WishListView.swift */ = {isa = PBXFileReference; lastKnownFileType = sourcecode.swift; path = WishListView.swift; sourceTree = "<group>"; };
		F3949CAE29A7443000C5105C /* BookDetailView.swift */ = {isa = PBXFileReference; lastKnownFileType = sourcecode.swift; path = BookDetailView.swift; sourceTree = "<group>"; };
		F3949CB029A74F0200C5105C /* BookListViewRow.swift */ = {isa = PBXFileReference; lastKnownFileType = sourcecode.swift; path = BookListViewRow.swift; sourceTree = "<group>"; };
		F3AC8A7629A6C59700BE7101 /* GoogleService-Info.plist */ = {isa = PBXFileReference; fileEncoding = 4; lastKnownFileType = text.plist.xml; path = "GoogleService-Info.plist"; sourceTree = "<group>"; };
/* End PBXFileReference section */

/* Begin PBXFrameworksBuildPhase section */
		F316E42029A6C380007C1178 /* Frameworks */ = {
			isa = PBXFrameworksBuildPhase;
			buildActionMask = 2147483647;
			files = (
				F3ECF36229A6CA8600F290FA /* FirebaseFirestore in Frameworks */,
			);
			runOnlyForDeploymentPostprocessing = 0;
		};
/* End PBXFrameworksBuildPhase section */

/* Begin PBXGroup section */
		F316E41A29A6C380007C1178 = {
			isa = PBXGroup;
			children = (
				F316E42529A6C380007C1178 /* BookTracker */,
				F316E42429A6C380007C1178 /* Products */,
			);
			sourceTree = "<group>";
		};
		F316E42429A6C380007C1178 /* Products */ = {
			isa = PBXGroup;
			children = (
				F316E42329A6C380007C1178 /* BookTracker.app */,
			);
			name = Products;
			sourceTree = "<group>";
		};
		F316E42529A6C380007C1178 /* BookTracker */ = {
			isa = PBXGroup;
			children = (
				F316E43629A6C3AB007C1178 /* Models */,
				F316E43529A6C3A2007C1178 /* ViewModels */,
				F316E43429A6C397007C1178 /* Views */,
				F316E42629A6C380007C1178 /* BookTrackerApp.swift */,
				F3AC8A7629A6C59700BE7101 /* GoogleService-Info.plist */,
				F316E42A29A6C381007C1178 /* Assets.xcassets */,
				F316E42C29A6C381007C1178 /* Preview Content */,
			);
			path = BookTracker;
			sourceTree = "<group>";
		};
		F316E42C29A6C381007C1178 /* Preview Content */ = {
			isa = PBXGroup;
			children = (
				F316E42D29A6C381007C1178 /* Preview Assets.xcassets */,
			);
			path = "Preview Content";
			sourceTree = "<group>";
		};
		F316E43429A6C397007C1178 /* Views */ = {
			isa = PBXGroup;
			children = (
				F316E42829A6C380007C1178 /* MainView.swift */,
				F3949CA829A7413200C5105C /* BookListView.swift */,
				F3949CAA29A7418900C5105C /* MainTabView.swift */,
				F3949CAC29A741EB00C5105C /* WishListView.swift */,
				F3949CAE29A7443000C5105C /* BookDetailView.swift */,
				F3949CB029A74F0200C5105C /* BookListViewRow.swift */,
			);
			path = Views;
			sourceTree = "<group>";
		};
		F316E43529A6C3A2007C1178 /* ViewModels */ = {
			isa = PBXGroup;
			children = (
				F3949CA629A6E51A00C5105C /* BookModel.swift */,
			);
			path = ViewModels;
			sourceTree = "<group>";
		};
		F316E43629A6C3AB007C1178 /* Models */ = {
			isa = PBXGroup;
			children = (
				F3949CA429A6E41000C5105C /* Book.swift */,
			);
			path = Models;
			sourceTree = "<group>";
		};
/* End PBXGroup section */

/* Begin PBXNativeTarget section */
		F316E42229A6C380007C1178 /* BookTracker */ = {
			isa = PBXNativeTarget;
			buildConfigurationList = F316E43129A6C381007C1178 /* Build configuration list for PBXNativeTarget "BookTracker" */;
			buildPhases = (
				F316E41F29A6C380007C1178 /* Sources */,
				F316E42029A6C380007C1178 /* Frameworks */,
				F316E42129A6C380007C1178 /* Resources */,
			);
			buildRules = (
			);
			dependencies = (
			);
			name = BookTracker;
			packageProductDependencies = (
				F3ECF36129A6CA8600F290FA /* FirebaseFirestore */,
			);
			productName = BookTracker;
			productReference = F316E42329A6C380007C1178 /* BookTracker.app */;
			productType = "com.apple.product-type.application";
		};
/* End PBXNativeTarget section */

/* Begin PBXProject section */
		F316E41B29A6C380007C1178 /* Project object */ = {
			isa = PBXProject;
			attributes = {
				BuildIndependentTargetsInParallel = 1;
				LastSwiftUpdateCheck = 1420;
				LastUpgradeCheck = 1420;
				TargetAttributes = {
					F316E42229A6C380007C1178 = {
						CreatedOnToolsVersion = 14.2;
					};
				};
			};
			buildConfigurationList = F316E41E29A6C380007C1178 /* Build configuration list for PBXProject "BookTracker" */;
			compatibilityVersion = "Xcode 14.0";
			developmentRegion = en;
			hasScannedForEncodings = 0;
			knownRegions = (
				en,
				Base,
			);
			mainGroup = F316E41A29A6C380007C1178;
			packageReferences = (
				F3ECF36029A6CA8600F290FA /* XCRemoteSwiftPackageReference "firebase-ios-sdk" */,
			);
			productRefGroup = F316E42429A6C380007C1178 /* Products */;
			projectDirPath = "";
			projectRoot = "";
			targets = (
				F316E42229A6C380007C1178 /* BookTracker */,
			);
		};
/* End PBXProject section */

/* Begin PBXResourcesBuildPhase section */
		F316E42129A6C380007C1178 /* Resources */ = {
			isa = PBXResourcesBuildPhase;
			buildActionMask = 2147483647;
			files = (
				F316E42E29A6C381007C1178 /* Preview Assets.xcassets in Resources */,
				F316E42B29A6C381007C1178 /* Assets.xcassets in Resources */,
				F3AC8A7729A6C59700BE7101 /* GoogleService-Info.plist in Resources */,
			);
			runOnlyForDeploymentPostprocessing = 0;
		};
/* End PBXResourcesBuildPhase section */

/* Begin PBXSourcesBuildPhase section */
		F316E41F29A6C380007C1178 /* Sources */ = {
			isa = PBXSourcesBuildPhase;
			buildActionMask = 2147483647;
			files = (
				F3949CAF29A7443000C5105C /* BookDetailView.swift in Sources */,
				F316E42929A6C380007C1178 /* MainView.swift in Sources */,
				F3949CB129A74F0200C5105C /* BookListViewRow.swift in Sources */,
				F3949CAD29A741EB00C5105C /* WishListView.swift in Sources */,
				F316E42729A6C380007C1178 /* BookTrackerApp.swift in Sources */,
				F3949CA929A7413200C5105C /* BookListView.swift in Sources */,
				F3949CA729A6E51A00C5105C /* BookModel.swift in Sources */,
				F3949CA529A6E41000C5105C /* Book.swift in Sources */,
				F3949CAB29A7418900C5105C /* MainTabView.swift in Sources */,
			);
			runOnlyForDeploymentPostprocessing = 0;
		};
/* End PBXSourcesBuildPhase section */

/* Begin XCBuildConfiguration section */
		F316E42F29A6C381007C1178 /* Debug */ = {
			isa = XCBuildConfiguration;
			buildSettings = {
				ALWAYS_SEARCH_USER_PATHS = NO;
				CLANG_ANALYZER_NONNULL = YES;
				CLANG_ANALYZER_NUMBER_OBJECT_CONVERSION = YES_AGGRESSIVE;
				CLANG_CXX_LANGUAGE_STANDARD = "gnu++20";
				CLANG_ENABLE_MODULES = YES;
				CLANG_ENABLE_OBJC_ARC = YES;
				CLANG_ENABLE_OBJC_WEAK = YES;
				CLANG_WARN_BLOCK_CAPTURE_AUTORELEASING = YES;
				CLANG_WARN_BOOL_CONVERSION = YES;
				CLANG_WARN_COMMA = YES;
				CLANG_WARN_CONSTANT_CONVERSION = YES;
				CLANG_WARN_DEPRECATED_OBJC_IMPLEMENTATIONS = YES;
				CLANG_WARN_DIRECT_OBJC_ISA_USAGE = YES_ERROR;
				CLANG_WARN_DOCUMENTATION_COMMENTS = YES;
				CLANG_WARN_EMPTY_BODY = YES;
				CLANG_WARN_ENUM_CONVERSION = YES;
				CLANG_WARN_INFINITE_RECURSION = YES;
				CLANG_WARN_INT_CONVERSION = YES;
				CLANG_WARN_NON_LITERAL_NULL_CONVERSION = YES;
				CLANG_WARN_OBJC_IMPLICIT_RETAIN_SELF = YES;
				CLANG_WARN_OBJC_LITERAL_CONVERSION = YES;
				CLANG_WARN_OBJC_ROOT_CLASS = YES_ERROR;
				CLANG_WARN_QUOTED_INCLUDE_IN_FRAMEWORK_HEADER = YES;
				CLANG_WARN_RANGE_LOOP_ANALYSIS = YES;
				CLANG_WARN_STRICT_PROTOTYPES = YES;
				CLANG_WARN_SUSPICIOUS_MOVE = YES;
				CLANG_WARN_UNGUARDED_AVAILABILITY = YES_AGGRESSIVE;
				CLANG_WARN_UNREACHABLE_CODE = YES;
				CLANG_WARN__DUPLICATE_METHOD_MATCH = YES;
				COPY_PHASE_STRIP = NO;
				DEBUG_INFORMATION_FORMAT = dwarf;
				ENABLE_STRICT_OBJC_MSGSEND = YES;
				ENABLE_TESTABILITY = YES;
				GCC_C_LANGUAGE_STANDARD = gnu11;
				GCC_DYNAMIC_NO_PIC = NO;
				GCC_NO_COMMON_BLOCKS = YES;
				GCC_OPTIMIZATION_LEVEL = 0;
				GCC_PREPROCESSOR_DEFINITIONS = (
					"DEBUG=1",
					"$(inherited)",
				);
				GCC_WARN_64_TO_32_BIT_CONVERSION = YES;
				GCC_WARN_ABOUT_RETURN_TYPE = YES_ERROR;
				GCC_WARN_UNDECLARED_SELECTOR = YES;
				GCC_WARN_UNINITIALIZED_AUTOS = YES_AGGRESSIVE;
				GCC_WARN_UNUSED_FUNCTION = YES;
				GCC_WARN_UNUSED_VARIABLE = YES;
				IPHONEOS_DEPLOYMENT_TARGET = 16.2;
				MTL_ENABLE_DEBUG_INFO = INCLUDE_SOURCE;
				MTL_FAST_MATH = YES;
				ONLY_ACTIVE_ARCH = YES;
				SDKROOT = iphoneos;
				SWIFT_ACTIVE_COMPILATION_CONDITIONS = DEBUG;
				SWIFT_OPTIMIZATION_LEVEL = "-Onone";
			};
			name = Debug;
		};
		F316E43029A6C381007C1178 /* Release */ = {
			isa = XCBuildConfiguration;
			buildSettings = {
				ALWAYS_SEARCH_USER_PATHS = NO;
				CLANG_ANALYZER_NONNULL = YES;
				CLANG_ANALYZER_NUMBER_OBJECT_CONVERSION = YES_AGGRESSIVE;
				CLANG_CXX_LANGUAGE_STANDARD = "gnu++20";
				CLANG_ENABLE_MODULES = YES;
				CLANG_ENABLE_OBJC_ARC = YES;
				CLANG_ENABLE_OBJC_WEAK = YES;
				CLANG_WARN_BLOCK_CAPTURE_AUTORELEASING = YES;
				CLANG_WARN_BOOL_CONVERSION = YES;
				CLANG_WARN_COMMA = YES;
				CLANG_WARN_CONSTANT_CONVERSION = YES;
				CLANG_WARN_DEPRECATED_OBJC_IMPLEMENTATIONS = YES;
				CLANG_WARN_DIRECT_OBJC_ISA_USAGE = YES_ERROR;
				CLANG_WARN_DOCUMENTATION_COMMENTS = YES;
				CLANG_WARN_EMPTY_BODY = YES;
				CLANG_WARN_ENUM_CONVERSION = YES;
				CLANG_WARN_INFINITE_RECURSION = YES;
				CLANG_WARN_INT_CONVERSION = YES;
				CLANG_WARN_NON_LITERAL_NULL_CONVERSION = YES;
				CLANG_WARN_OBJC_IMPLICIT_RETAIN_SELF = YES;
				CLANG_WARN_OBJC_LITERAL_CONVERSION = YES;
				CLANG_WARN_OBJC_ROOT_CLASS = YES_ERROR;
				CLANG_WARN_QUOTED_INCLUDE_IN_FRAMEWORK_HEADER = YES;
				CLANG_WARN_RANGE_LOOP_ANALYSIS = YES;
				CLANG_WARN_STRICT_PROTOTYPES = YES;
				CLANG_WARN_SUSPICIOUS_MOVE = YES;
				CLANG_WARN_UNGUARDED_AVAILABILITY = YES_AGGRESSIVE;
				CLANG_WARN_UNREACHABLE_CODE = YES;
				CLANG_WARN__DUPLICATE_METHOD_MATCH = YES;
				COPY_PHASE_STRIP = NO;
				DEBUG_INFORMATION_FORMAT = "dwarf-with-dsym";
				ENABLE_NS_ASSERTIONS = NO;
				ENABLE_STRICT_OBJC_MSGSEND = YES;
				GCC_C_LANGUAGE_STANDARD = gnu11;
				GCC_NO_COMMON_BLOCKS = YES;
				GCC_WARN_64_TO_32_BIT_CONVERSION = YES;
				GCC_WARN_ABOUT_RETURN_TYPE = YES_ERROR;
				GCC_WARN_UNDECLARED_SELECTOR = YES;
				GCC_WARN_UNINITIALIZED_AUTOS = YES_AGGRESSIVE;
				GCC_WARN_UNUSED_FUNCTION = YES;
				GCC_WARN_UNUSED_VARIABLE = YES;
				IPHONEOS_DEPLOYMENT_TARGET = 16.2;
				MTL_ENABLE_DEBUG_INFO = NO;
				MTL_FAST_MATH = YES;
				SDKROOT = iphoneos;
				SWIFT_COMPILATION_MODE = wholemodule;
				SWIFT_OPTIMIZATION_LEVEL = "-O";
				VALIDATE_PRODUCT = YES;
			};
			name = Release;
		};
		F316E43229A6C381007C1178 /* Debug */ = {
			isa = XCBuildConfiguration;
			buildSettings = {
				ASSETCATALOG_COMPILER_APPICON_NAME = AppIcon;
				ASSETCATALOG_COMPILER_GLOBAL_ACCENT_COLOR_NAME = AccentColor;
				CODE_SIGN_STYLE = Automatic;
				CURRENT_PROJECT_VERSION = 1;
				DEVELOPMENT_ASSET_PATHS = "\"BookTracker/Preview Content\"";
				DEVELOPMENT_TEAM = QG3YZK6HZG;
				ENABLE_PREVIEWS = YES;
				GENERATE_INFOPLIST_FILE = YES;
				INFOPLIST_KEY_UIApplicationSceneManifest_Generation = YES;
				INFOPLIST_KEY_UIApplicationSupportsIndirectInputEvents = YES;
				INFOPLIST_KEY_UILaunchScreen_Generation = YES;
				INFOPLIST_KEY_UISupportedInterfaceOrientations_iPad = "UIInterfaceOrientationPortrait UIInterfaceOrientationPortraitUpsideDown UIInterfaceOrientationLandscapeLeft UIInterfaceOrientationLandscapeRight";
				INFOPLIST_KEY_UISupportedInterfaceOrientations_iPhone = "UIInterfaceOrientationPortrait UIInterfaceOrientationLandscapeLeft UIInterfaceOrientationLandscapeRight";
				LD_RUNPATH_SEARCH_PATHS = (
					"$(inherited)",
					"@executable_path/Frameworks",
				);
				MARKETING_VERSION = 1.0;
				PRODUCT_BUNDLE_IDENTIFIER = me.Thomas.Howard.BookTracker;
				PRODUCT_NAME = "$(TARGET_NAME)";
				SWIFT_EMIT_LOC_STRINGS = YES;
				SWIFT_VERSION = 5.0;
				TARGETED_DEVICE_FAMILY = "1,2";
			};
			name = Debug;
		};
		F316E43329A6C381007C1178 /* Release */ = {
			isa = XCBuildConfiguration;
			buildSettings = {
				ASSETCATALOG_COMPILER_APPICON_NAME = AppIcon;
				ASSETCATALOG_COMPILER_GLOBAL_ACCENT_COLOR_NAME = AccentColor;
				CODE_SIGN_STYLE = Automatic;
				CURRENT_PROJECT_VERSION = 1;
				DEVELOPMENT_ASSET_PATHS = "\"BookTracker/Preview Content\"";
				DEVELOPMENT_TEAM = QG3YZK6HZG;
				ENABLE_PREVIEWS = YES;
				GENERATE_INFOPLIST_FILE = YES;
				INFOPLIST_KEY_UIApplicationSceneManifest_Generation = YES;
				INFOPLIST_KEY_UIApplicationSupportsIndirectInputEvents = YES;
				INFOPLIST_KEY_UILaunchScreen_Generation = YES;
				INFOPLIST_KEY_UISupportedInterfaceOrientations_iPad = "UIInterfaceOrientationPortrait UIInterfaceOrientationPortraitUpsideDown UIInterfaceOrientationLandscapeLeft UIInterfaceOrientationLandscapeRight";
				INFOPLIST_KEY_UISupportedInterfaceOrientations_iPhone = "UIInterfaceOrientationPortrait UIInterfaceOrientationLandscapeLeft UIInterfaceOrientationLandscapeRight";
				LD_RUNPATH_SEARCH_PATHS = (
					"$(inherited)",
					"@executable_path/Frameworks",
				);
				MARKETING_VERSION = 1.0;
				PRODUCT_BUNDLE_IDENTIFIER = me.Thomas.Howard.BookTracker;
				PRODUCT_NAME = "$(TARGET_NAME)";
				SWIFT_EMIT_LOC_STRINGS = YES;
				SWIFT_VERSION = 5.0;
				TARGETED_DEVICE_FAMILY = "1,2";
			};
			name = Release;
		};
/* End XCBuildConfiguration section */

/* Begin XCConfigurationList section */
		F316E41E29A6C380007C1178 /* Build configuration list for PBXProject "BookTracker" */ = {
			isa = XCConfigurationList;
			buildConfigurations = (
				F316E42F29A6C381007C1178 /* Debug */,
				F316E43029A6C381007C1178 /* Release */,
			);
			defaultConfigurationIsVisible = 0;
			defaultConfigurationName = Release;
		};
		F316E43129A6C381007C1178 /* Build configuration list for PBXNativeTarget "BookTracker" */ = {
			isa = XCConfigurationList;
			buildConfigurations = (
				F316E43229A6C381007C1178 /* Debug */,
				F316E43329A6C381007C1178 /* Release */,
			);
			defaultConfigurationIsVisible = 0;
			defaultConfigurationName = Release;
		};
/* End XCConfigurationList section */

/* Begin XCRemoteSwiftPackageReference section */
		F3ECF36029A6CA8600F290FA /* XCRemoteSwiftPackageReference "firebase-ios-sdk" */ = {
			isa = XCRemoteSwiftPackageReference;
			repositoryURL = "https://github.com/firebase/firebase-ios-sdk";
			requirement = {
				kind = upToNextMajorVersion;
				minimumVersion = 9.0.0;
			};
		};
/* End XCRemoteSwiftPackageReference section */

/* Begin XCSwiftPackageProductDependency section */
		F3ECF36129A6CA8600F290FA /* FirebaseFirestore */ = {
			isa = XCSwiftPackageProductDependency;
			package = F3ECF36029A6CA8600F290FA /* XCRemoteSwiftPackageReference "firebase-ios-sdk" */;
			productName = FirebaseFirestore;
		};
/* End XCSwiftPackageProductDependency section */
	};
	rootObject = F316E41B29A6C380007C1178 /* Project object */;
}
